// !$*UTF8*$!
{
	archiveVersion = 1;
	classes = {
	};
	objectVersion = 51;
	objects = {

/* Begin PBXBuildFile section */
		85D04C07F21F955E4C203366 /* Pods_Calorie_Tracker.framework in Frameworks */ = {isa = PBXBuildFile; fileRef = 1140EE3C21E0487723C96021 /* Pods_Calorie_Tracker.framework */; };
		EF2D136D232C74B1001C50EC /* AppDelegate.swift in Sources */ = {isa = PBXBuildFile; fileRef = EF2D136C232C74B1001C50EC /* AppDelegate.swift */; };
		EF2D136F232C74B1001C50EC /* CalorieTrackerVC.swift in Sources */ = {isa = PBXBuildFile; fileRef = EF2D136E232C74B1001C50EC /* CalorieTrackerVC.swift */; };
		EF2D1372232C74B1001C50EC /* Main.storyboard in Resources */ = {isa = PBXBuildFile; fileRef = EF2D1370232C74B1001C50EC /* Main.storyboard */; };
		EF2D1374232C74B2001C50EC /* Assets.xcassets in Resources */ = {isa = PBXBuildFile; fileRef = EF2D1373232C74B2001C50EC /* Assets.xcassets */; };
		EF2D1377232C74B2001C50EC /* LaunchScreen.storyboard in Resources */ = {isa = PBXBuildFile; fileRef = EF2D1375232C74B2001C50EC /* LaunchScreen.storyboard */; };
/* End PBXBuildFile section */

/* Begin PBXFileReference section */
		1140EE3C21E0487723C96021 /* Pods_Calorie_Tracker.framework */ = {isa = PBXFileReference; explicitFileType = wrapper.framework; includeInIndex = 0; path = Pods_Calorie_Tracker.framework; sourceTree = BUILT_PRODUCTS_DIR; };
		2C797731E99DB080C540008A /* Pods-Calorie Tracker.debug.xcconfig */ = {isa = PBXFileReference; includeInIndex = 1; lastKnownFileType = text.xcconfig; name = "Pods-Calorie Tracker.debug.xcconfig"; path = "Target Support Files/Pods-Calorie Tracker/Pods-Calorie Tracker.debug.xcconfig"; sourceTree = "<group>"; };
		EF2D1369232C74B1001C50EC /* Calorie Tracker.app */ = {isa = PBXFileReference; explicitFileType = wrapper.application; includeInIndex = 0; path = "Calorie Tracker.app"; sourceTree = BUILT_PRODUCTS_DIR; };
		EF2D136C232C74B1001C50EC /* AppDelegate.swift */ = {isa = PBXFileReference; lastKnownFileType = sourcecode.swift; path = AppDelegate.swift; sourceTree = "<group>"; };
		EF2D136E232C74B1001C50EC /* CalorieTrackerVC.swift */ = {isa = PBXFileReference; lastKnownFileType = sourcecode.swift; path = CalorieTrackerVC.swift; sourceTree = "<group>"; };
		EF2D1371232C74B1001C50EC /* Base */ = {isa = PBXFileReference; lastKnownFileType = file.storyboard; name = Base; path = Base.lproj/Main.storyboard; sourceTree = "<group>"; };
		EF2D1373232C74B2001C50EC /* Assets.xcassets */ = {isa = PBXFileReference; lastKnownFileType = folder.assetcatalog; path = Assets.xcassets; sourceTree = "<group>"; };
		EF2D1376232C74B2001C50EC /* Base */ = {isa = PBXFileReference; lastKnownFileType = file.storyboard; name = Base; path = Base.lproj/LaunchScreen.storyboard; sourceTree = "<group>"; };
		EF2D1378232C74B2001C50EC /* Info.plist */ = {isa = PBXFileReference; lastKnownFileType = text.plist.xml; path = Info.plist; sourceTree = "<group>"; };
		F06B38EBEBD9CDF40C83EE0F /* Pods-Calorie Tracker.release.xcconfig */ = {isa = PBXFileReference; includeInIndex = 1; lastKnownFileType = text.xcconfig; name = "Pods-Calorie Tracker.release.xcconfig"; path = "Target Support Files/Pods-Calorie Tracker/Pods-Calorie Tracker.release.xcconfig"; sourceTree = "<group>"; };
/* End PBXFileReference section */

/* Begin PBXFrameworksBuildPhase section */
		EF2D1366232C74B1001C50EC /* Frameworks */ = {
			isa = PBXFrameworksBuildPhase;
			buildActionMask = 2147483647;
			files = (
				85D04C07F21F955E4C203366 /* Pods_Calorie_Tracker.framework in Frameworks */,
			);
			runOnlyForDeploymentPostprocessing = 0;
		};
/* End PBXFrameworksBuildPhase section */

/* Begin PBXGroup section */
		338E4CC004DD239B005ECAC7 /* Pods */ = {
			isa = PBXGroup;
			children = (
				2C797731E99DB080C540008A /* Pods-Calorie Tracker.debug.xcconfig */,
				F06B38EBEBD9CDF40C83EE0F /* Pods-Calorie Tracker.release.xcconfig */,
			);
			path = Pods;
			sourceTree = "<group>";
		};
		EF2D1360232C74B1001C50EC = {
			isa = PBXGroup;
			children = (
				EF2D136B232C74B1001C50EC /* Calorie Tracker */,
				EF2D136A232C74B1001C50EC /* Products */,
				338E4CC004DD239B005ECAC7 /* Pods */,
				F9764FA119BE5B8750EE6A5F /* Frameworks */,
			);
			sourceTree = "<group>";
		};
		EF2D136A232C74B1001C50EC /* Products */ = {
			isa = PBXGroup;
			children = (
				EF2D1369232C74B1001C50EC /* Calorie Tracker.app */,
			);
			name = Products;
			sourceTree = "<group>";
		};
		EF2D136B232C74B1001C50EC /* Calorie Tracker */ = {
			isa = PBXGroup;
			children = (
				EF2D1383232C751D001C50EC /* CoreData */,
				EF2D1380232C74E5001C50EC /* Model */,
				EF2D1382232C7505001C50EC /* Model Controller */,
				EF2D1381232C74EE001C50EC /* View Controllers */,
				EF2D137F232C74D4001C50EC /* Storyboards */,
				EF2D137E232C74C1001C50EC /* Resources */,
			);
			path = "Calorie Tracker";
			sourceTree = "<group>";
		};
		EF2D137E232C74C1001C50EC /* Resources */ = {
			isa = PBXGroup;
			children = (
				EF2D136C232C74B1001C50EC /* AppDelegate.swift */,
				EF2D1373232C74B2001C50EC /* Assets.xcassets */,
				EF2D1378232C74B2001C50EC /* Info.plist */,
			);
			path = Resources;
			sourceTree = "<group>";
		};
		EF2D137F232C74D4001C50EC /* Storyboards */ = {
			isa = PBXGroup;
			children = (
				EF2D1370232C74B1001C50EC /* Main.storyboard */,
				EF2D1375232C74B2001C50EC /* LaunchScreen.storyboard */,
			);
			path = Storyboards;
			sourceTree = "<group>";
		};
		EF2D1380232C74E5001C50EC /* Model */ = {
			isa = PBXGroup;
			children = (
			);
			path = Model;
			sourceTree = "<group>";
		};
		EF2D1381232C74EE001C50EC /* View Controllers */ = {
			isa = PBXGroup;
			children = (
				EF2D136E232C74B1001C50EC /* CalorieTrackerVC.swift */,
			);
			path = "View Controllers";
			sourceTree = "<group>";
		};
		EF2D1382232C7505001C50EC /* Model Controller */ = {
			isa = PBXGroup;
			children = (
			);
			path = "Model Controller";
			sourceTree = "<group>";
		};
		EF2D1383232C751D001C50EC /* CoreData */ = {
			isa = PBXGroup;
			children = (
			);
			path = CoreData;
			sourceTree = "<group>";
		};
		F9764FA119BE5B8750EE6A5F /* Frameworks */ = {
			isa = PBXGroup;
			children = (
				1140EE3C21E0487723C96021 /* Pods_Calorie_Tracker.framework */,
			);
			name = Frameworks;
			sourceTree = "<group>";
		};
/* End PBXGroup section */

/* Begin PBXNativeTarget section */
		EF2D1368232C74B1001C50EC /* Calorie Tracker */ = {
			isa = PBXNativeTarget;
			buildConfigurationList = EF2D137B232C74B2001C50EC /* Build configuration list for PBXNativeTarget "Calorie Tracker" */;
			buildPhases = (
				01A4AF4A978254692DAA161F /* [CP] Check Pods Manifest.lock */,
				EF2D1365232C74B1001C50EC /* Sources */,
				EF2D1366232C74B1001C50EC /* Frameworks */,
				EF2D1367232C74B1001C50EC /* Resources */,
				02F4DB2E5FCAD48F4AA66C9A /* [CP] Embed Pods Frameworks */,
			);
			buildRules = (
			);
			dependencies = (
			);
			name = "Calorie Tracker";
			productName = "Calorie Tracker";
			productReference = EF2D1369232C74B1001C50EC /* Calorie Tracker.app */;
			productType = "com.apple.product-type.application";
		};
/* End PBXNativeTarget section */

/* Begin PBXProject section */
		EF2D1361232C74B1001C50EC /* Project object */ = {
			isa = PBXProject;
			attributes = {
				LastSwiftUpdateCheck = 1030;
				LastUpgradeCheck = 1030;
				ORGANIZATIONNAME = Seschwan;
				TargetAttributes = {
					EF2D1368232C74B1001C50EC = {
						CreatedOnToolsVersion = 10.3;
					};
				};
			};
			buildConfigurationList = EF2D1364232C74B1001C50EC /* Build configuration list for PBXProject "Calorie Tracker" */;
			compatibilityVersion = "Xcode 9.3";
			developmentRegion = en;
			hasScannedForEncodings = 0;
			knownRegions = (
				en,
				Base,
			);
			mainGroup = EF2D1360232C74B1001C50EC;
			productRefGroup = EF2D136A232C74B1001C50EC /* Products */;
			projectDirPath = "";
			projectRoot = "";
			targets = (
				EF2D1368232C74B1001C50EC /* Calorie Tracker */,
			);
		};
/* End PBXProject section */

/* Begin PBXResourcesBuildPhase section */
		EF2D1367232C74B1001C50EC /* Resources */ = {
			isa = PBXResourcesBuildPhase;
			buildActionMask = 2147483647;
			files = (
				EF2D1377232C74B2001C50EC /* LaunchScreen.storyboard in Resources */,
				EF2D1374232C74B2001C50EC /* Assets.xcassets in Resources */,
				EF2D1372232C74B1001C50EC /* Main.storyboard in Resources */,
			);
			runOnlyForDeploymentPostprocessing = 0;
		};
/* End PBXResourcesBuildPhase section */

/* Begin PBXShellScriptBuildPhase section */
		01A4AF4A978254692DAA161F /* [CP] Check Pods Manifest.lock */ = {
			isa = PBXShellScriptBuildPhase;
			buildActionMask = 2147483647;
			files = (
			);
			inputFileListPaths = (
			);
			inputPaths = (
				"${PODS_PODFILE_DIR_PATH}/Podfile.lock",
				"${PODS_ROOT}/Manifest.lock",
			);
			name = "[CP] Check Pods Manifest.lock";
			outputFileListPaths = (
			);
			outputPaths = (
				"$(DERIVED_FILE_DIR)/Pods-Calorie Tracker-checkManifestLockResult.txt",
			);
			runOnlyForDeploymentPostprocessing = 0;
			shellPath = /bin/sh;
			shellScript = "diff \"${PODS_PODFILE_DIR_PATH}/Podfile.lock\" \"${PODS_ROOT}/Manifest.lock\" > /dev/null\nif [ $? != 0 ] ; then\n    # print error to STDERR\n    echo \"error: The sandbox is not in sync with the Podfile.lock. Run 'pod install' or update your CocoaPods installation.\" >&2\n    exit 1\nfi\n# This output is used by Xcode 'outputs' to avoid re-running this script phase.\necho \"SUCCESS\" > \"${SCRIPT_OUTPUT_FILE_0}\"\n";
			showEnvVarsInLog = 0;
		};
		02F4DB2E5FCAD48F4AA66C9A /* [CP] Embed Pods Frameworks */ = {
			isa = PBXShellScriptBuildPhase;
			buildActionMask = 2147483647;
			files = (
			);
			inputFileListPaths = (
				"${PODS_ROOT}/Target Support Files/Pods-Calorie Tracker/Pods-Calorie Tracker-frameworks-${CONFIGURATION}-input-files.xcfilelist",
			);
			name = "[CP] Embed Pods Frameworks";
			outputFileListPaths = (
				"${PODS_ROOT}/Target Support Files/Pods-Calorie Tracker/Pods-Calorie Tracker-frameworks-${CONFIGURATION}-output-files.xcfilelist",
			);
			runOnlyForDeploymentPostprocessing = 0;
			shellPath = /bin/sh;
			shellScript = "\"${PODS_ROOT}/Target Support Files/Pods-Calorie Tracker/Pods-Calorie Tracker-frameworks.sh\"\n";
			showEnvVarsInLog = 0;
		};
/* End PBXShellScriptBuildPhase section */

/* Begin PBXSourcesBuildPhase section */
		EF2D1365232C74B1001C50EC /* Sources */ = {
			isa = PBXSourcesBuildPhase;
			buildActionMask = 2147483647;
			files = (
				EF2D136F232C74B1001C50EC /* CalorieTrackerVC.swift in Sources */,
				EF2D136D232C74B1001C50EC /* AppDelegate.swift in Sources */,
			);
			runOnlyForDeploymentPostprocessing = 0;
		};
/* End PBXSourcesBuildPhase section */

/* Begin PBXVariantGroup section */
		EF2D1370232C74B1001C50EC /* Main.storyboard */ = {
			isa = PBXVariantGroup;
			children = (
				EF2D1371232C74B1001C50EC /* Base */,
			);
			name = Main.storyboard;
			sourceTree = "<group>";
		};
		EF2D1375232C74B2001C50EC /* LaunchScreen.storyboard */ = {
			isa = PBXVariantGroup;
			children = (
				EF2D1376232C74B2001C50EC /* Base */,
			);
			name = LaunchScreen.storyboard;
			sourceTree = "<group>";
		};
/* End PBXVariantGroup section */

/* Begin XCBuildConfiguration section */
		EF2D1379232C74B2001C50EC /* Debug */ = {
			isa = XCBuildConfiguration;
			buildSettings = {
				ALWAYS_SEARCH_USER_PATHS = NO;
				CLANG_ANALYZER_NONNULL = YES;
				CLANG_ANALYZER_NUMBER_OBJECT_CONVERSION = YES_AGGRESSIVE;
				CLANG_CXX_LANGUAGE_STANDARD = "gnu++14";
				CLANG_CXX_LIBRARY = "libc++";
				CLANG_ENABLE_MODULES = YES;
				CLANG_ENABLE_OBJC_ARC = YES;
				CLANG_ENABLE_OBJC_WEAK = YES;
				CLANG_WARN_BLOCK_CAPTURE_AUTORELEASING = YES;
				CLANG_WARN_BOOL_CONVERSION = YES;
				CLANG_WARN_COMMA = YES;
				CLANG_WARN_CONSTANT_CONVERSION = YES;
				CLANG_WARN_DEPRECATED_OBJC_IMPLEMENTATIONS = YES;
				CLANG_WARN_DIRECT_OBJC_ISA_USAGE = YES_ERROR;
				CLANG_WARN_DOCUMENTATION_COMMENTS = YES;
				CLANG_WARN_EMPTY_BODY = YES;
				CLANG_WARN_ENUM_CONVERSION = YES;
				CLANG_WARN_INFINITE_RECURSION = YES;
				CLANG_WARN_INT_CONVERSION = YES;
				CLANG_WARN_NON_LITERAL_NULL_CONVERSION = YES;
				CLANG_WARN_OBJC_IMPLICIT_RETAIN_SELF = YES;
				CLANG_WARN_OBJC_LITERAL_CONVERSION = YES;
				CLANG_WARN_OBJC_ROOT_CLASS = YES_ERROR;
				CLANG_WARN_RANGE_LOOP_ANALYSIS = YES;
				CLANG_WARN_STRICT_PROTOTYPES = YES;
				CLANG_WARN_SUSPICIOUS_MOVE = YES;
				CLANG_WARN_UNGUARDED_AVAILABILITY = YES_AGGRESSIVE;
				CLANG_WARN_UNREACHABLE_CODE = YES;
				CLANG_WARN__DUPLICATE_METHOD_MATCH = YES;
				CODE_SIGN_IDENTITY = "iPhone Developer";
				COPY_PHASE_STRIP = NO;
				DEBUG_INFORMATION_FORMAT = dwarf;
				ENABLE_STRICT_OBJC_MSGSEND = YES;
				ENABLE_TESTABILITY = YES;
				GCC_C_LANGUAGE_STANDARD = gnu11;
				GCC_DYNAMIC_NO_PIC = NO;
				GCC_NO_COMMON_BLOCKS = YES;
				GCC_OPTIMIZATION_LEVEL = 0;
				GCC_PREPROCESSOR_DEFINITIONS = (
					"DEBUG=1",
					"$(inherited)",
				);
				GCC_WARN_64_TO_32_BIT_CONVERSION = YES;
				GCC_WARN_ABOUT_RETURN_TYPE = YES_ERROR;
				GCC_WARN_UNDECLARED_SELECTOR = YES;
				GCC_WARN_UNINITIALIZED_AUTOS = YES_AGGRESSIVE;
				GCC_WARN_UNUSED_FUNCTION = YES;
				GCC_WARN_UNUSED_VARIABLE = YES;
				IPHONEOS_DEPLOYMENT_TARGET = 12.4;
				MTL_ENABLE_DEBUG_INFO = INCLUDE_SOURCE;
				MTL_FAST_MATH = YES;
				ONLY_ACTIVE_ARCH = YES;
				SDKROOT = iphoneos;
				SWIFT_ACTIVE_COMPILATION_CONDITIONS = DEBUG;
				SWIFT_OPTIMIZATION_LEVEL = "-Onone";
			};
			name = Debug;
		};
		EF2D137A232C74B2001C50EC /* Release */ = {
			isa = XCBuildConfiguration;
			buildSettings = {
				ALWAYS_SEARCH_USER_PATHS = NO;
				CLANG_ANALYZER_NONNULL = YES;
				CLANG_ANALYZER_NUMBER_OBJECT_CONVERSION = YES_AGGRESSIVE;
				CLANG_CXX_LANGUAGE_STANDARD = "gnu++14";
				CLANG_CXX_LIBRARY = "libc++";
				CLANG_ENABLE_MODULES = YES;
				CLANG_ENABLE_OBJC_ARC = YES;
				CLANG_ENABLE_OBJC_WEAK = YES;
				CLANG_WARN_BLOCK_CAPTURE_AUTORELEASING = YES;
				CLANG_WARN_BOOL_CONVERSION = YES;
				CLANG_WARN_COMMA = YES;
				CLANG_WARN_CONSTANT_CONVERSION = YES;
				CLANG_WARN_DEPRECATED_OBJC_IMPLEMENTATIONS = YES;
				CLANG_WARN_DIRECT_OBJC_ISA_USAGE = YES_ERROR;
				CLANG_WARN_DOCUMENTATION_COMMENTS = YES;
				CLANG_WARN_EMPTY_BODY = YES;
				CLANG_WARN_ENUM_CONVERSION = YES;
				CLANG_WARN_INFINITE_RECURSION = YES;
				CLANG_WARN_INT_CONVERSION = YES;
				CLANG_WARN_NON_LITERAL_NULL_CONVERSION = YES;
				CLANG_WARN_OBJC_IMPLICIT_RETAIN_SELF = YES;
				CLANG_WARN_OBJC_LITERAL_CONVERSION = YES;
				CLANG_WARN_OBJC_ROOT_CLASS = YES_ERROR;
				CLANG_WARN_RANGE_LOOP_ANALYSIS = YES;
				CLANG_WARN_STRICT_PROTOTYPES = YES;
				CLANG_WARN_SUSPICIOUS_MOVE = YES;
				CLANG_WARN_UNGUARDED_AVAILABILITY = YES_AGGRESSIVE;
				CLANG_WARN_UNREACHABLE_CODE = YES;
				CLANG_WARN__DUPLICATE_METHOD_MATCH = YES;
				CODE_SIGN_IDENTITY = "iPhone Developer";
				COPY_PHASE_STRIP = NO;
				DEBUG_INFORMATION_FORMAT = "dwarf-with-dsym";
				ENABLE_NS_ASSERTIONS = NO;
				ENABLE_STRICT_OBJC_MSGSEND = YES;
				GCC_C_LANGUAGE_STANDARD = gnu11;
				GCC_NO_COMMON_BLOCKS = YES;
				GCC_WARN_64_TO_32_BIT_CONVERSION = YES;
				GCC_WARN_ABOUT_RETURN_TYPE = YES_ERROR;
				GCC_WARN_UNDECLARED_SELECTOR = YES;
				GCC_WARN_UNINITIALIZED_AUTOS = YES_AGGRESSIVE;
				GCC_WARN_UNUSED_FUNCTION = YES;
				GCC_WARN_UNUSED_VARIABLE = YES;
				IPHONEOS_DEPLOYMENT_TARGET = 12.4;
				MTL_ENABLE_DEBUG_INFO = NO;
				MTL_FAST_MATH = YES;
				SDKROOT = iphoneos;
				SWIFT_COMPILATION_MODE = wholemodule;
				SWIFT_OPTIMIZATION_LEVEL = "-O";
				VALIDATE_PRODUCT = YES;
			};
			name = Release;
		};
		EF2D137C232C74B2001C50EC /* Debug */ = {
			isa = XCBuildConfiguration;
			baseConfigurationReference = 2C797731E99DB080C540008A /* Pods-Calorie Tracker.debug.xcconfig */;
			buildSettings = {
				ASSETCATALOG_COMPILER_APPICON_NAME = AppIcon;
				CODE_SIGN_STYLE = Automatic;
				DEVELOPMENT_TEAM = SBB8C9E36E;
				INFOPLIST_FILE = "$(SRCROOT)/Calorie Tracker/Resources/Info.plist";
				LD_RUNPATH_SEARCH_PATHS = (
					"$(inherited)",
					"@executable_path/Frameworks",
				);
				PRODUCT_BUNDLE_IDENTIFIER = "Seschwan.com.Calorie-Tracker";
				PRODUCT_NAME = "$(TARGET_NAME)";
				SWIFT_VERSION = 5.0;
				TARGETED_DEVICE_FAMILY = "1,2";
			};
			name = Debug;
		};
		EF2D137D232C74B2001C50EC /* Release */ = {
			isa = XCBuildConfiguration;
			baseConfigurationReference = F06B38EBEBD9CDF40C83EE0F /* Pods-Calorie Tracker.release.xcconfig */;
			buildSettings = {
				ASSETCATALOG_COMPILER_APPICON_NAME = AppIcon;
				CODE_SIGN_STYLE = Automatic;
				DEVELOPMENT_TEAM = SBB8C9E36E;
				INFOPLIST_FILE = "$(SRCROOT)/Calorie Tracker/Resources/Info.plist";
				LD_RUNPATH_SEARCH_PATHS = (
					"$(inherited)",
					"@executable_path/Frameworks",
				);
				PRODUCT_BUNDLE_IDENTIFIER = "Seschwan.com.Calorie-Tracker";
				PRODUCT_NAME = "$(TARGET_NAME)";
				SWIFT_VERSION = 5.0;
				TARGETED_DEVICE_FAMILY = "1,2";
			};
			name = Release;
		};
/* End XCBuildConfiguration section */

/* Begin XCConfigurationList section */
		EF2D1364232C74B1001C50EC /* Build configuration list for PBXProject "Calorie Tracker" */ = {
			isa = XCConfigurationList;
			buildConfigurations = (
				EF2D1379232C74B2001C50EC /* Debug */,
				EF2D137A232C74B2001C50EC /* Release */,
			);
			defaultConfigurationIsVisible = 0;
			defaultConfigurationName = Release;
		};
		EF2D137B232C74B2001C50EC /* Build configuration list for PBXNativeTarget "Calorie Tracker" */ = {
			isa = XCConfigurationList;
			buildConfigurations = (
				EF2D137C232C74B2001C50EC /* Debug */,
				EF2D137D232C74B2001C50EC /* Release */,
			);
			defaultConfigurationIsVisible = 0;
			defaultConfigurationName = Release;
		};
/* End XCConfigurationList section */
	};
	rootObject = EF2D1361232C74B1001C50EC /* Project object */;
}
